
Microsoft Visual Studio Solution File, Format Version 12.00
# Visual Studio Version 17
VisualStudioVersion = 17.5.002.0
MinimumVisualStudioVersion = 10.0.40219.1
Project("{2150E333-8FDC-42A3-9474-1A3956D46DE8}") = "back", "back", "{752D814B-ABAD-4BC0-8B75-21175DE61F40}"
EndProject
Project("{2150E333-8FDC-42A3-9474-1A3956D46DE8}") = "src", "src", "{3AF179DF-22BB-4F57-8814-DF8703D85D86}"
EndProject
Project("{9A19103F-16F7-4668-BE54-9A1E7A4F7556}") = "Garage.API", "back\src\Garage.API\Garage.API.csproj", "{C95D2EBF-DF18-44E6-9D72-B46DA647F213}"
EndProject
Global
	GlobalSection(SolutionConfigurationPlatforms) = preSolution
		Debug|Any CPU = Debug|Any CPU
		Release|Any CPU = Release|Any CPU
	EndGlobalSection
	GlobalSection(ProjectConfigurationPlatforms) = postSolution
		{C95D2EBF-DF18-44E6-9D72-B46DA647F213}.Debug|Any CPU.ActiveCfg = Debug|Any CPU
		{C95D2EBF-DF18-44E6-9D72-B46DA647F213}.Debug|Any CPU.Build.0 = Debug|Any CPU
		{C95D2EBF-DF18-44E6-9D72-B46DA647F213}.Release|Any CPU.ActiveCfg = Release|Any CPU
		{C95D2EBF-DF18-44E6-9D72-B46DA647F213}.Release|Any CPU.Build.0 = Release|Any CPU
	EndGlobalSection
	GlobalSection(SolutionProperties) = preSolution
		HideSolutionNode = FALSE
	EndGlobalSection
	GlobalSection(NestedProjects) = preSolution
		{3AF179DF-22BB-4F57-8814-DF8703D85D86} = {752D814B-ABAD-4BC0-8B75-21175DE61F40}
		{C95D2EBF-DF18-44E6-9D72-B46DA647F213} = {3AF179DF-22BB-4F57-8814-DF8703D85D86}
	EndGlobalSection
	GlobalSection(ExtensibilityGlobals) = postSolution
		SolutionGuid = {EB012502-ABA8-45AD-BC1C-E10A9E44651B}
	EndGlobalSection
EndGlobal
